
Microsoft Visual Studio Solution File, Format Version 12.00
# Visual Studio Version 16
VisualStudioVersion = 16.0.30611.23
MinimumVisualStudioVersion = 10.0.40219.1
Project("{9A19103F-16F7-4668-BE54-9A1E7A4F7556}") = "CTPH_CoreData", "CTPH_CoreData\CTPH_CoreData\CTPH_CoreData.csproj", "{D61C533B-6E46-4A6A-B3ED-10A6F178A8EA}"
EndProject
Project("{9A19103F-16F7-4668-BE54-9A1E7A4F7556}") = "CTPH_CoreBusiness", "CTPH_CoreBusiness\CTPH_CoreBusiness\CTPH_CoreBusiness.csproj", "{D7173215-3E92-4C61-B2DA-AFACD67E8211}"
EndProject
Project("{9A19103F-16F7-4668-BE54-9A1E7A4F7556}") = "CTPH_CoreServices", "CTPH_CoreServices\CTPH_CoreServices\CTPH_CoreServices.csproj", "{2FE58602-F089-403D-B48F-11AE353D42C0}"
EndProject
Global
	GlobalSection(SolutionConfigurationPlatforms) = preSolution
		Debug|Any CPU = Debug|Any CPU
		Release|Any CPU = Release|Any CPU
	EndGlobalSection
	GlobalSection(ProjectConfigurationPlatforms) = postSolution
		{D61C533B-6E46-4A6A-B3ED-10A6F178A8EA}.Debug|Any CPU.ActiveCfg = Debug|Any CPU
		{D61C533B-6E46-4A6A-B3ED-10A6F178A8EA}.Debug|Any CPU.Build.0 = Debug|Any CPU
		{D61C533B-6E46-4A6A-B3ED-10A6F178A8EA}.Release|Any CPU.ActiveCfg = Release|Any CPU
		{D61C533B-6E46-4A6A-B3ED-10A6F178A8EA}.Release|Any CPU.Build.0 = Release|Any CPU
		{D7173215-3E92-4C61-B2DA-AFACD67E8211}.Debug|Any CPU.ActiveCfg = Debug|Any CPU
		{D7173215-3E92-4C61-B2DA-AFACD67E8211}.Debug|Any CPU.Build.0 = Debug|Any CPU
		{D7173215-3E92-4C61-B2DA-AFACD67E8211}.Release|Any CPU.ActiveCfg = Release|Any CPU
		{D7173215-3E92-4C61-B2DA-AFACD67E8211}.Release|Any CPU.Build.0 = Release|Any CPU
		{2FE58602-F089-403D-B48F-11AE353D42C0}.Debug|Any CPU.ActiveCfg = Debug|Any CPU
		{2FE58602-F089-403D-B48F-11AE353D42C0}.Debug|Any CPU.Build.0 = Debug|Any CPU
		{2FE58602-F089-403D-B48F-11AE353D42C0}.Release|Any CPU.ActiveCfg = Release|Any CPU
		{2FE58602-F089-403D-B48F-11AE353D42C0}.Release|Any CPU.Build.0 = Release|Any CPU
	EndGlobalSection
	GlobalSection(SolutionProperties) = preSolution
		HideSolutionNode = FALSE
	EndGlobalSection
	GlobalSection(ExtensibilityGlobals) = postSolution
		SolutionGuid = {6286075E-D9A0-45F6-8ED8-FAC80DCF978D}
	EndGlobalSection
EndGlobal
